{
  "requires": true,
  "lockfileVersion": 1,
  "dependencies": {
    "@dcloudio/uni-helper-json": {
      "version": "1.0.5",
      "resolved": "https://registry.npmjs.org/@dcloudio/uni-helper-json/-/uni-helper-json-1.0.5.tgz",
      "integrity": "sha512-Sncv3MPSh384c5QdVFlyGMWQLZ8ZQMunO/sXfD1Ln8vO6U6vszqMdxbdlGbeOJKLOqq50dJxfnQoAKGJyJvEkA=="
    }
  }
}
